
Microsoft Visual Studio Solution File, Format Version 12.00
# Visual Studio Version 17
VisualStudioVersion = 17.0.31919.166
MinimumVisualStudioVersion = 10.0.40219.1
Project("{FAE04EC0-301F-11D3-BF4B-00C04F79EFBC}") = "KnowledgeAccountingSystem", "KnowledgeAccountingSystem\KnowledgeAccountingSystem.csproj", "{0B167BE7-7CA1-4BA4-B5D5-D3533514CCAC}"
EndProject
Project("{FAE04EC0-301F-11D3-BF4B-00C04F79EFBC}") = "DAL", "DAL\DAL.csproj", "{E1D8D460-E3F4-4E51-98F5-706463A15F0B}"
EndProject
Project("{FAE04EC0-301F-11D3-BF4B-00C04F79EFBC}") = "BLL", "BLL\BLL.csproj", "{0186E936-14E8-4072-9AEC-3695446DC6A0}"
EndProject
Global
	GlobalSection(SolutionConfigurationPlatforms) = preSolution
		Debug|Any CPU = Debug|Any CPU
		Release|Any CPU = Release|Any CPU
	EndGlobalSection
	GlobalSection(ProjectConfigurationPlatforms) = postSolution
		{0B167BE7-7CA1-4BA4-B5D5-D3533514CCAC}.Debug|Any CPU.ActiveCfg = Debug|Any CPU
		{0B167BE7-7CA1-4BA4-B5D5-D3533514CCAC}.Debug|Any CPU.Build.0 = Debug|Any CPU
		{0B167BE7-7CA1-4BA4-B5D5-D3533514CCAC}.Release|Any CPU.ActiveCfg = Release|Any CPU
		{0B167BE7-7CA1-4BA4-B5D5-D3533514CCAC}.Release|Any CPU.Build.0 = Release|Any CPU
		{E1D8D460-E3F4-4E51-98F5-706463A15F0B}.Debug|Any CPU.ActiveCfg = Debug|Any CPU
		{E1D8D460-E3F4-4E51-98F5-706463A15F0B}.Debug|Any CPU.Build.0 = Debug|Any CPU
		{E1D8D460-E3F4-4E51-98F5-706463A15F0B}.Release|Any CPU.ActiveCfg = Release|Any CPU
		{E1D8D460-E3F4-4E51-98F5-706463A15F0B}.Release|Any CPU.Build.0 = Release|Any CPU
		{0186E936-14E8-4072-9AEC-3695446DC6A0}.Debug|Any CPU.ActiveCfg = Debug|Any CPU
		{0186E936-14E8-4072-9AEC-3695446DC6A0}.Debug|Any CPU.Build.0 = Debug|Any CPU
		{0186E936-14E8-4072-9AEC-3695446DC6A0}.Release|Any CPU.ActiveCfg = Release|Any CPU
		{0186E936-14E8-4072-9AEC-3695446DC6A0}.Release|Any CPU.Build.0 = Release|Any CPU
	EndGlobalSection
	GlobalSection(SolutionProperties) = preSolution
		HideSolutionNode = FALSE
	EndGlobalSection
	GlobalSection(ExtensibilityGlobals) = postSolution
		SolutionGuid = {36331BF6-AFF7-4F26-B97C-1F1F46FB6EEB}
	EndGlobalSection
EndGlobal
